github.com/brianvoe/gofakeit/v6 v6.28.0 h1:Xib46XXuQfmlLS2EXRuJpqcw8St6qSZz75OUo0tgAW4=
github.com/brianvoe/gofakeit/v6 v6.28.0/go.mod h1:Xj58BMSnFqcn/fAQeSK+/PLtC5kSb7FJIq4JyGa8vEs=
github.com/goccy/go-json v0.10.5 h1:Fq85nIqj+gXn/S5ahsiTlK3TmC85qgirsdTP/+DeaC4=
github.com/goccy/go-json v0.10.5/go.mod h1:oq7eo15ShAhp70Anwd5lgX2pLfOS3QCiwU/PULtXL6M=
github.com/goccy/go-reflect v1.2.0 h1:O0T8rZCuNmGXewnATuKYnkL0xm6o8UNOJZd/gOkb9ms=
github.com/goccy/go-reflect v1.2.0/go.mod h1:n0oYZn8VcV2CkWTxi8B9QjkCoq6GTtCEdfmR66YhFtE=
github.com/oarkflow/date v0.0.4 h1:EwY/wiS3CqZNBx7b2x+3kkJwVNuGk+G0dls76kL/fhU=
github.com/oarkflow/date v0.0.4/go.mod h1:xQTFc6p6O5VX6J75ZrPJbelIFGca1ASmhpgirFqL8vM=
github.com/oarkflow/expr v0.0.11 h1:H6h+dIUlU+xDlijMXKQCh7TdE6MGVoFPpZU7q/dziRI=
github.com/oarkflow/expr v0.0.11/go.mod h1:WgMZqP44h7SBwKyuGZwC15vj46lHtI0/QpKdEZpRVE4=
