github.com/oarkflow/expr v0.0.10 h1:pleTz2WlwbJ0yfQGbD1/LhD8Mi7lvXGs1POJ8kFjj+0=
github.com/oarkflow/expr v0.0.10/go.mod h1:WgMZqP44h7SBwKyuGZwC15vj46lHtI0/QpKdEZpRVE4=
github.com/oarkflow/expr v0.0.11 h1:H6h+dIUlU+xDlijMXKQCh7TdE6MGVoFPpZU7q/dziRI=
github.com/oarkflow/expr v0.0.11/go.mod h1:WgMZqP44h7SBwKyuGZwC15vj46lHtI0/QpKdEZpRVE4=
